
Microsoft Visual Studio Solution File, Format Version 12.00
# Visual Studio Version 16
VisualStudioVersion = 16.0.30804.86
MinimumVisualStudioVersion = 15.0.26124.0
Project("{9A19103F-16F7-4668-BE54-9A1E7A4F7556}") = "poc.multpayment.payment", "src\poc.multpayment.payment\poc.multpayment.payment.csproj", "{109818A1-0DEB-455E-A30B-BF366864372D}"
EndProject
Project("{9A19103F-16F7-4668-BE54-9A1E7A4F7556}") = "poc.multpayment.domain", "src\poc.multpayment.domain\poc.multpayment.domain.csproj", "{FC485C92-5D27-483C-8C8C-3489F5D111B2}"
EndProject
Project("{9A19103F-16F7-4668-BE54-9A1E7A4F7556}") = "poc.multpayment.infra", "src\poc.multpayment.infra\poc.multpayment.infra.csproj", "{16CE9A61-3411-42D6-96BF-D20C7DDC3B7B}"
EndProject
Project("{9A19103F-16F7-4668-BE54-9A1E7A4F7556}") = "poc.multpayment.application", "src\poc.multpayment.application\poc.multpayment.application.csproj", "{64C958E0-2ECB-42FB-B914-A492C7E68DC3}"
EndProject
Project("{2150E333-8FDC-42A3-9474-1A3956D46DE8}") = "providers", "providers", "{5A7F30C7-98D4-4D46-8CE1-57CF9BBC7272}"
EndProject
Project("{9A19103F-16F7-4668-BE54-9A1E7A4F7556}") = "poc.multpayment.provider.pix", "src\poc.multpayment.pix\poc.multpayment.provider.pix.csproj", "{9BF05065-A5FF-403E-AC16-BCD64B63D526}"
EndProject
Project("{9A19103F-16F7-4668-BE54-9A1E7A4F7556}") = "poc.multpayment.provider.cielo", "src\poc.multpayment.cielo\poc.multpayment.provider.cielo.csproj", "{6BC5DBA1-C6C8-4E22-ACD4-03A36D467865}"
EndProject
Global
	GlobalSection(SolutionConfigurationPlatforms) = preSolution
		Debug|Any CPU = Debug|Any CPU
		Debug|x64 = Debug|x64
		Debug|x86 = Debug|x86
		Release|Any CPU = Release|Any CPU
		Release|x64 = Release|x64
		Release|x86 = Release|x86
	EndGlobalSection
	GlobalSection(ProjectConfigurationPlatforms) = postSolution
		{109818A1-0DEB-455E-A30B-BF366864372D}.Debug|Any CPU.ActiveCfg = Debug|Any CPU
		{109818A1-0DEB-455E-A30B-BF366864372D}.Debug|Any CPU.Build.0 = Debug|Any CPU
		{109818A1-0DEB-455E-A30B-BF366864372D}.Debug|x64.ActiveCfg = Debug|Any CPU
		{109818A1-0DEB-455E-A30B-BF366864372D}.Debug|x64.Build.0 = Debug|Any CPU
		{109818A1-0DEB-455E-A30B-BF366864372D}.Debug|x86.ActiveCfg = Debug|Any CPU
		{109818A1-0DEB-455E-A30B-BF366864372D}.Debug|x86.Build.0 = Debug|Any CPU
		{109818A1-0DEB-455E-A30B-BF366864372D}.Release|Any CPU.ActiveCfg = Release|Any CPU
		{109818A1-0DEB-455E-A30B-BF366864372D}.Release|Any CPU.Build.0 = Release|Any CPU
		{109818A1-0DEB-455E-A30B-BF366864372D}.Release|x64.ActiveCfg = Release|Any CPU
		{109818A1-0DEB-455E-A30B-BF366864372D}.Release|x64.Build.0 = Release|Any CPU
		{109818A1-0DEB-455E-A30B-BF366864372D}.Release|x86.ActiveCfg = Release|Any CPU
		{109818A1-0DEB-455E-A30B-BF366864372D}.Release|x86.Build.0 = Release|Any CPU
		{FC485C92-5D27-483C-8C8C-3489F5D111B2}.Debug|Any CPU.ActiveCfg = Debug|Any CPU
		{FC485C92-5D27-483C-8C8C-3489F5D111B2}.Debug|Any CPU.Build.0 = Debug|Any CPU
		{FC485C92-5D27-483C-8C8C-3489F5D111B2}.Debug|x64.ActiveCfg = Debug|Any CPU
		{FC485C92-5D27-483C-8C8C-3489F5D111B2}.Debug|x64.Build.0 = Debug|Any CPU
		{FC485C92-5D27-483C-8C8C-3489F5D111B2}.Debug|x86.ActiveCfg = Debug|Any CPU
		{FC485C92-5D27-483C-8C8C-3489F5D111B2}.Debug|x86.Build.0 = Debug|Any CPU
		{FC485C92-5D27-483C-8C8C-3489F5D111B2}.Release|Any CPU.ActiveCfg = Release|Any CPU
		{FC485C92-5D27-483C-8C8C-3489F5D111B2}.Release|Any CPU.Build.0 = Release|Any CPU
		{FC485C92-5D27-483C-8C8C-3489F5D111B2}.Release|x64.ActiveCfg = Release|Any CPU
		{FC485C92-5D27-483C-8C8C-3489F5D111B2}.Release|x64.Build.0 = Release|Any CPU
		{FC485C92-5D27-483C-8C8C-3489F5D111B2}.Release|x86.ActiveCfg = Release|Any CPU
		{FC485C92-5D27-483C-8C8C-3489F5D111B2}.Release|x86.Build.0 = Release|Any CPU
		{16CE9A61-3411-42D6-96BF-D20C7DDC3B7B}.Debug|Any CPU.ActiveCfg = Debug|Any CPU
		{16CE9A61-3411-42D6-96BF-D20C7DDC3B7B}.Debug|Any CPU.Build.0 = Debug|Any CPU
		{16CE9A61-3411-42D6-96BF-D20C7DDC3B7B}.Debug|x64.ActiveCfg = Debug|Any CPU
		{16CE9A61-3411-42D6-96BF-D20C7DDC3B7B}.Debug|x64.Build.0 = Debug|Any CPU
		{16CE9A61-3411-42D6-96BF-D20C7DDC3B7B}.Debug|x86.ActiveCfg = Debug|Any CPU
		{16CE9A61-3411-42D6-96BF-D20C7DDC3B7B}.Debug|x86.Build.0 = Debug|Any CPU
		{16CE9A61-3411-42D6-96BF-D20C7DDC3B7B}.Release|Any CPU.ActiveCfg = Release|Any CPU
		{16CE9A61-3411-42D6-96BF-D20C7DDC3B7B}.Release|Any CPU.Build.0 = Release|Any CPU
		{16CE9A61-3411-42D6-96BF-D20C7DDC3B7B}.Release|x64.ActiveCfg = Release|Any CPU
		{16CE9A61-3411-42D6-96BF-D20C7DDC3B7B}.Release|x64.Build.0 = Release|Any CPU
		{16CE9A61-3411-42D6-96BF-D20C7DDC3B7B}.Release|x86.ActiveCfg = Release|Any CPU
		{16CE9A61-3411-42D6-96BF-D20C7DDC3B7B}.Release|x86.Build.0 = Release|Any CPU
		{64C958E0-2ECB-42FB-B914-A492C7E68DC3}.Debug|Any CPU.ActiveCfg = Debug|Any CPU
		{64C958E0-2ECB-42FB-B914-A492C7E68DC3}.Debug|Any CPU.Build.0 = Debug|Any CPU
		{64C958E0-2ECB-42FB-B914-A492C7E68DC3}.Debug|x64.ActiveCfg = Debug|Any CPU
		{64C958E0-2ECB-42FB-B914-A492C7E68DC3}.Debug|x64.Build.0 = Debug|Any CPU
		{64C958E0-2ECB-42FB-B914-A492C7E68DC3}.Debug|x86.ActiveCfg = Debug|Any CPU
		{64C958E0-2ECB-42FB-B914-A492C7E68DC3}.Debug|x86.Build.0 = Debug|Any CPU
		{64C958E0-2ECB-42FB-B914-A492C7E68DC3}.Release|Any CPU.ActiveCfg = Release|Any CPU
		{64C958E0-2ECB-42FB-B914-A492C7E68DC3}.Release|Any CPU.Build.0 = Release|Any CPU
		{64C958E0-2ECB-42FB-B914-A492C7E68DC3}.Release|x64.ActiveCfg = Release|Any CPU
		{64C958E0-2ECB-42FB-B914-A492C7E68DC3}.Release|x64.Build.0 = Release|Any CPU
		{64C958E0-2ECB-42FB-B914-A492C7E68DC3}.Release|x86.ActiveCfg = Release|Any CPU
		{64C958E0-2ECB-42FB-B914-A492C7E68DC3}.Release|x86.Build.0 = Release|Any CPU
		{9BF05065-A5FF-403E-AC16-BCD64B63D526}.Debug|Any CPU.ActiveCfg = Debug|Any CPU
		{9BF05065-A5FF-403E-AC16-BCD64B63D526}.Debug|Any CPU.Build.0 = Debug|Any CPU
		{9BF05065-A5FF-403E-AC16-BCD64B63D526}.Debug|x64.ActiveCfg = Debug|Any CPU
		{9BF05065-A5FF-403E-AC16-BCD64B63D526}.Debug|x64.Build.0 = Debug|Any CPU
		{9BF05065-A5FF-403E-AC16-BCD64B63D526}.Debug|x86.ActiveCfg = Debug|Any CPU
		{9BF05065-A5FF-403E-AC16-BCD64B63D526}.Debug|x86.Build.0 = Debug|Any CPU
		{9BF05065-A5FF-403E-AC16-BCD64B63D526}.Release|Any CPU.ActiveCfg = Release|Any CPU
		{9BF05065-A5FF-403E-AC16-BCD64B63D526}.Release|Any CPU.Build.0 = Release|Any CPU
		{9BF05065-A5FF-403E-AC16-BCD64B63D526}.Release|x64.ActiveCfg = Release|Any CPU
		{9BF05065-A5FF-403E-AC16-BCD64B63D526}.Release|x64.Build.0 = Release|Any CPU
		{9BF05065-A5FF-403E-AC16-BCD64B63D526}.Release|x86.ActiveCfg = Release|Any CPU
		{9BF05065-A5FF-403E-AC16-BCD64B63D526}.Release|x86.Build.0 = Release|Any CPU
		{6BC5DBA1-C6C8-4E22-ACD4-03A36D467865}.Debug|Any CPU.ActiveCfg = Debug|Any CPU
		{6BC5DBA1-C6C8-4E22-ACD4-03A36D467865}.Debug|Any CPU.Build.0 = Debug|Any CPU
		{6BC5DBA1-C6C8-4E22-ACD4-03A36D467865}.Debug|x64.ActiveCfg = Debug|Any CPU
		{6BC5DBA1-C6C8-4E22-ACD4-03A36D467865}.Debug|x64.Build.0 = Debug|Any CPU
		{6BC5DBA1-C6C8-4E22-ACD4-03A36D467865}.Debug|x86.ActiveCfg = Debug|Any CPU
		{6BC5DBA1-C6C8-4E22-ACD4-03A36D467865}.Debug|x86.Build.0 = Debug|Any CPU
		{6BC5DBA1-C6C8-4E22-ACD4-03A36D467865}.Release|Any CPU.ActiveCfg = Release|Any CPU
		{6BC5DBA1-C6C8-4E22-ACD4-03A36D467865}.Release|Any CPU.Build.0 = Release|Any CPU
		{6BC5DBA1-C6C8-4E22-ACD4-03A36D467865}.Release|x64.ActiveCfg = Release|Any CPU
		{6BC5DBA1-C6C8-4E22-ACD4-03A36D467865}.Release|x64.Build.0 = Release|Any CPU
		{6BC5DBA1-C6C8-4E22-ACD4-03A36D467865}.Release|x86.ActiveCfg = Release|Any CPU
		{6BC5DBA1-C6C8-4E22-ACD4-03A36D467865}.Release|x86.Build.0 = Release|Any CPU
	EndGlobalSection
	GlobalSection(SolutionProperties) = preSolution
		HideSolutionNode = FALSE
	EndGlobalSection
	GlobalSection(NestedProjects) = preSolution
		{9BF05065-A5FF-403E-AC16-BCD64B63D526} = {5A7F30C7-98D4-4D46-8CE1-57CF9BBC7272}
		{6BC5DBA1-C6C8-4E22-ACD4-03A36D467865} = {5A7F30C7-98D4-4D46-8CE1-57CF9BBC7272}
	EndGlobalSection
	GlobalSection(ExtensibilityGlobals) = postSolution
		SolutionGuid = {39856D45-79C6-4AB3-92B5-2DA7169DEA23}
	EndGlobalSection
EndGlobal
